
Microsoft Visual Studio Solution File, Format Version 12.00
# Visual Studio Version 16
VisualStudioVersion = 16.0.29806.167
MinimumVisualStudioVersion = 10.0.40219.1
Project("{9A19103F-16F7-4668-BE54-9A1E7A4F7556}") = "Common", "Common\Common.csproj", "{924F7EA2-0F9C-4F6E-8595-1564F5B7B628}"
EndProject
Project("{9A19103F-16F7-4668-BE54-9A1E7A4F7556}") = "Entities", "Entities\Entities.csproj", "{A2F5D01C-0073-45A3-8EBF-F626A0CDC56A}"
EndProject
Project("{9A19103F-16F7-4668-BE54-9A1E7A4F7556}") = "ManaEnums", "ManaEnums\ManaEnums.csproj", "{F64E91FD-2133-4E19-824D-FBB003C59535}"
EndProject
Project("{9A19103F-16F7-4668-BE54-9A1E7A4F7556}") = "Data", "Data\Data.csproj", "{028738A0-30A0-4828-8352-E83854507F03}"
EndProject
Project("{9A19103F-16F7-4668-BE54-9A1E7A4F7556}") = "Services", "Services\Services.csproj", "{2613679B-2F2B-44CC-B8BE-4C69A4FCCA7F}"
EndProject
Project("{9A19103F-16F7-4668-BE54-9A1E7A4F7556}") = "ManaAutoMapper", "ManaAutoMapper\ManaAutoMapper.csproj", "{3ADA490C-63A6-4BC7-9E83-528786E13BD5}"
EndProject
Project("{9A19103F-16F7-4668-BE54-9A1E7A4F7556}") = "ManaDataTransferObject", "ManaDataTransferObject\ManaDataTransferObject.csproj", "{A65EFD6C-A243-4620-B7C6-81FBECDC918C}"
EndProject
Project("{9A19103F-16F7-4668-BE54-9A1E7A4F7556}") = "ManaViewModel", "ManaViewModel\ManaViewModel.csproj", "{CA114034-2D90-42E4-AB86-5DD6FF0C5800}"
EndProject
Project("{9A19103F-16F7-4668-BE54-9A1E7A4F7556}") = "WebFramework", "WebFramework\WebFramework.csproj", "{6302916A-DCA4-416E-8C84-9DFA6F906A6D}"
EndProject
Project("{9A19103F-16F7-4668-BE54-9A1E7A4F7556}") = "BusinessLayout", "BusinessPlan\BusinessLayout.csproj", "{D0A0BCA2-CFF9-42B3-9D42-17287C9B81A2}"
EndProject
Project("{9A19103F-16F7-4668-BE54-9A1E7A4F7556}") = "ManaDapper", "ManaDapper\ManaDapper.csproj", "{27AC3266-EA35-47FD-B83D-8586D4933070}"
EndProject
Project("{9A19103F-16F7-4668-BE54-9A1E7A4F7556}") = "ManaEntitiesValidation", "ManaEntitiesValidation\ManaEntitiesValidation.csproj", "{CF07257B-58D7-4276-99DA-8A14B4687849}"
EndProject
Project("{9A19103F-16F7-4668-BE54-9A1E7A4F7556}") = "ManaResourceManager", "ManaResourceManager\ManaResourceManager.csproj", "{4096443D-34A3-4B4F-B371-81B5328551D8}"
EndProject
Project("{9A19103F-16F7-4668-BE54-9A1E7A4F7556}") = "ManaSpeedTester", "ManaSpeedTester\ManaSpeedTester.csproj", "{9AB258D1-6912-4CF2-A439-87FDF7AC4F3A}"
EndProject
Project("{9A19103F-16F7-4668-BE54-9A1E7A4F7556}") = "MyApi", "MyApi\MyApi.csproj", "{905F73C0-5456-4FE2-BBBE-B629A59F83DB}"
EndProject
Project("{9A19103F-16F7-4668-BE54-9A1E7A4F7556}") = "ManaDataTransferObjectValidator", "ManaDataTransferObjectValidator\ManaDataTransferObjectValidator.csproj", "{EAFD06D1-2C81-4AEB-BADC-C77FE9DC60EF}"
EndProject
Project("{2150E333-8FDC-42A3-9474-1A3956D46DE8}") = "DinaproFaraGostar", "DinaproFaraGostar", "{E176D0BD-D35C-4FB7-B6B4-B2A59533E691}"
EndProject
Project("{9A19103F-16F7-4668-BE54-9A1E7A4F7556}") = "DinaproAttachEntities", "DinaproFaraGostar\DinaproAttachEntities\DinaproAttachEntities.csproj", "{46C91BBD-0EDF-4A8B-969B-EDD23633287E}"
EndProject
Project("{2150E333-8FDC-42A3-9474-1A3956D46DE8}") = "SupplierSystem", "SupplierSystem", "{0949B03B-645A-40C1-A1DD-55FD58D77ED9}"
EndProject
Project("{9A19103F-16F7-4668-BE54-9A1E7A4F7556}") = "SupplierSystem.Entities", "SupplierSystem\SupplierBarecode.Entities\SupplierSystem.Entities.csproj", "{BECDFDD5-D4C8-40FA-8B67-0B03787670EF}"
EndProject
Project("{FAE04EC0-301F-11D3-BF4B-00C04F79EFBC}") = "FaraGostarEntities", "DinaproFaraGostar\FaraGostarEntities\FaraGostarEntities.csproj", "{705B94E8-146C-455C-860D-9D507EE7E0C5}"
EndProject
Global
	GlobalSection(SolutionConfigurationPlatforms) = preSolution
		Debug|Any CPU = Debug|Any CPU
		Release|Any CPU = Release|Any CPU
	EndGlobalSection
	GlobalSection(ProjectConfigurationPlatforms) = postSolution
		{924F7EA2-0F9C-4F6E-8595-1564F5B7B628}.Debug|Any CPU.ActiveCfg = Debug|Any CPU
		{924F7EA2-0F9C-4F6E-8595-1564F5B7B628}.Debug|Any CPU.Build.0 = Debug|Any CPU
		{924F7EA2-0F9C-4F6E-8595-1564F5B7B628}.Release|Any CPU.ActiveCfg = Release|Any CPU
		{924F7EA2-0F9C-4F6E-8595-1564F5B7B628}.Release|Any CPU.Build.0 = Release|Any CPU
		{A2F5D01C-0073-45A3-8EBF-F626A0CDC56A}.Debug|Any CPU.ActiveCfg = Debug|Any CPU
		{A2F5D01C-0073-45A3-8EBF-F626A0CDC56A}.Debug|Any CPU.Build.0 = Debug|Any CPU
		{A2F5D01C-0073-45A3-8EBF-F626A0CDC56A}.Release|Any CPU.ActiveCfg = Release|Any CPU
		{A2F5D01C-0073-45A3-8EBF-F626A0CDC56A}.Release|Any CPU.Build.0 = Release|Any CPU
		{F64E91FD-2133-4E19-824D-FBB003C59535}.Debug|Any CPU.ActiveCfg = Debug|Any CPU
		{F64E91FD-2133-4E19-824D-FBB003C59535}.Debug|Any CPU.Build.0 = Debug|Any CPU
		{F64E91FD-2133-4E19-824D-FBB003C59535}.Release|Any CPU.ActiveCfg = Release|Any CPU
		{F64E91FD-2133-4E19-824D-FBB003C59535}.Release|Any CPU.Build.0 = Release|Any CPU
		{028738A0-30A0-4828-8352-E83854507F03}.Debug|Any CPU.ActiveCfg = Debug|Any CPU
		{028738A0-30A0-4828-8352-E83854507F03}.Debug|Any CPU.Build.0 = Debug|Any CPU
		{028738A0-30A0-4828-8352-E83854507F03}.Release|Any CPU.ActiveCfg = Release|Any CPU
		{028738A0-30A0-4828-8352-E83854507F03}.Release|Any CPU.Build.0 = Release|Any CPU
		{2613679B-2F2B-44CC-B8BE-4C69A4FCCA7F}.Debug|Any CPU.ActiveCfg = Debug|Any CPU
		{2613679B-2F2B-44CC-B8BE-4C69A4FCCA7F}.Debug|Any CPU.Build.0 = Debug|Any CPU
		{2613679B-2F2B-44CC-B8BE-4C69A4FCCA7F}.Release|Any CPU.ActiveCfg = Release|Any CPU
		{2613679B-2F2B-44CC-B8BE-4C69A4FCCA7F}.Release|Any CPU.Build.0 = Release|Any CPU
		{3ADA490C-63A6-4BC7-9E83-528786E13BD5}.Debug|Any CPU.ActiveCfg = Debug|Any CPU
		{3ADA490C-63A6-4BC7-9E83-528786E13BD5}.Debug|Any CPU.Build.0 = Debug|Any CPU
		{3ADA490C-63A6-4BC7-9E83-528786E13BD5}.Release|Any CPU.ActiveCfg = Release|Any CPU
		{3ADA490C-63A6-4BC7-9E83-528786E13BD5}.Release|Any CPU.Build.0 = Release|Any CPU
		{A65EFD6C-A243-4620-B7C6-81FBECDC918C}.Debug|Any CPU.ActiveCfg = Debug|Any CPU
		{A65EFD6C-A243-4620-B7C6-81FBECDC918C}.Debug|Any CPU.Build.0 = Debug|Any CPU
		{A65EFD6C-A243-4620-B7C6-81FBECDC918C}.Release|Any CPU.ActiveCfg = Release|Any CPU
		{A65EFD6C-A243-4620-B7C6-81FBECDC918C}.Release|Any CPU.Build.0 = Release|Any CPU
		{CA114034-2D90-42E4-AB86-5DD6FF0C5800}.Debug|Any CPU.ActiveCfg = Debug|Any CPU
		{CA114034-2D90-42E4-AB86-5DD6FF0C5800}.Debug|Any CPU.Build.0 = Debug|Any CPU
		{CA114034-2D90-42E4-AB86-5DD6FF0C5800}.Release|Any CPU.ActiveCfg = Release|Any CPU
		{CA114034-2D90-42E4-AB86-5DD6FF0C5800}.Release|Any CPU.Build.0 = Release|Any CPU
		{6302916A-DCA4-416E-8C84-9DFA6F906A6D}.Debug|Any CPU.ActiveCfg = Debug|Any CPU
		{6302916A-DCA4-416E-8C84-9DFA6F906A6D}.Debug|Any CPU.Build.0 = Debug|Any CPU
		{6302916A-DCA4-416E-8C84-9DFA6F906A6D}.Release|Any CPU.ActiveCfg = Release|Any CPU
		{6302916A-DCA4-416E-8C84-9DFA6F906A6D}.Release|Any CPU.Build.0 = Release|Any CPU
		{D0A0BCA2-CFF9-42B3-9D42-17287C9B81A2}.Debug|Any CPU.ActiveCfg = Debug|Any CPU
		{D0A0BCA2-CFF9-42B3-9D42-17287C9B81A2}.Debug|Any CPU.Build.0 = Debug|Any CPU
		{D0A0BCA2-CFF9-42B3-9D42-17287C9B81A2}.Release|Any CPU.ActiveCfg = Release|Any CPU
		{D0A0BCA2-CFF9-42B3-9D42-17287C9B81A2}.Release|Any CPU.Build.0 = Release|Any CPU
		{27AC3266-EA35-47FD-B83D-8586D4933070}.Debug|Any CPU.ActiveCfg = Debug|Any CPU
		{27AC3266-EA35-47FD-B83D-8586D4933070}.Debug|Any CPU.Build.0 = Debug|Any CPU
		{27AC3266-EA35-47FD-B83D-8586D4933070}.Release|Any CPU.ActiveCfg = Release|Any CPU
		{27AC3266-EA35-47FD-B83D-8586D4933070}.Release|Any CPU.Build.0 = Release|Any CPU
		{CF07257B-58D7-4276-99DA-8A14B4687849}.Debug|Any CPU.ActiveCfg = Debug|Any CPU
		{CF07257B-58D7-4276-99DA-8A14B4687849}.Debug|Any CPU.Build.0 = Debug|Any CPU
		{CF07257B-58D7-4276-99DA-8A14B4687849}.Release|Any CPU.ActiveCfg = Release|Any CPU
		{CF07257B-58D7-4276-99DA-8A14B4687849}.Release|Any CPU.Build.0 = Release|Any CPU
		{4096443D-34A3-4B4F-B371-81B5328551D8}.Debug|Any CPU.ActiveCfg = Debug|Any CPU
		{4096443D-34A3-4B4F-B371-81B5328551D8}.Debug|Any CPU.Build.0 = Debug|Any CPU
		{4096443D-34A3-4B4F-B371-81B5328551D8}.Release|Any CPU.ActiveCfg = Release|Any CPU
		{4096443D-34A3-4B4F-B371-81B5328551D8}.Release|Any CPU.Build.0 = Release|Any CPU
		{9AB258D1-6912-4CF2-A439-87FDF7AC4F3A}.Debug|Any CPU.ActiveCfg = Debug|Any CPU
		{9AB258D1-6912-4CF2-A439-87FDF7AC4F3A}.Debug|Any CPU.Build.0 = Debug|Any CPU
		{9AB258D1-6912-4CF2-A439-87FDF7AC4F3A}.Release|Any CPU.ActiveCfg = Release|Any CPU
		{9AB258D1-6912-4CF2-A439-87FDF7AC4F3A}.Release|Any CPU.Build.0 = Release|Any CPU
		{905F73C0-5456-4FE2-BBBE-B629A59F83DB}.Debug|Any CPU.ActiveCfg = Debug|Any CPU
		{905F73C0-5456-4FE2-BBBE-B629A59F83DB}.Debug|Any CPU.Build.0 = Debug|Any CPU
		{905F73C0-5456-4FE2-BBBE-B629A59F83DB}.Release|Any CPU.ActiveCfg = Release|Any CPU
		{905F73C0-5456-4FE2-BBBE-B629A59F83DB}.Release|Any CPU.Build.0 = Release|Any CPU
		{EAFD06D1-2C81-4AEB-BADC-C77FE9DC60EF}.Debug|Any CPU.ActiveCfg = Debug|Any CPU
		{EAFD06D1-2C81-4AEB-BADC-C77FE9DC60EF}.Debug|Any CPU.Build.0 = Debug|Any CPU
		{EAFD06D1-2C81-4AEB-BADC-C77FE9DC60EF}.Release|Any CPU.ActiveCfg = Release|Any CPU
		{EAFD06D1-2C81-4AEB-BADC-C77FE9DC60EF}.Release|Any CPU.Build.0 = Release|Any CPU
		{46C91BBD-0EDF-4A8B-969B-EDD23633287E}.Debug|Any CPU.ActiveCfg = Debug|Any CPU
		{46C91BBD-0EDF-4A8B-969B-EDD23633287E}.Debug|Any CPU.Build.0 = Debug|Any CPU
		{46C91BBD-0EDF-4A8B-969B-EDD23633287E}.Release|Any CPU.ActiveCfg = Release|Any CPU
		{46C91BBD-0EDF-4A8B-969B-EDD23633287E}.Release|Any CPU.Build.0 = Release|Any CPU
		{BECDFDD5-D4C8-40FA-8B67-0B03787670EF}.Debug|Any CPU.ActiveCfg = Debug|Any CPU
		{BECDFDD5-D4C8-40FA-8B67-0B03787670EF}.Debug|Any CPU.Build.0 = Debug|Any CPU
		{BECDFDD5-D4C8-40FA-8B67-0B03787670EF}.Release|Any CPU.ActiveCfg = Release|Any CPU
		{BECDFDD5-D4C8-40FA-8B67-0B03787670EF}.Release|Any CPU.Build.0 = Release|Any CPU
		{705B94E8-146C-455C-860D-9D507EE7E0C5}.Debug|Any CPU.ActiveCfg = Debug|Any CPU
		{705B94E8-146C-455C-860D-9D507EE7E0C5}.Debug|Any CPU.Build.0 = Debug|Any CPU
		{705B94E8-146C-455C-860D-9D507EE7E0C5}.Release|Any CPU.ActiveCfg = Release|Any CPU
		{705B94E8-146C-455C-860D-9D507EE7E0C5}.Release|Any CPU.Build.0 = Release|Any CPU
	EndGlobalSection
	GlobalSection(SolutionProperties) = preSolution
		HideSolutionNode = FALSE
	EndGlobalSection
	GlobalSection(NestedProjects) = preSolution
		{46C91BBD-0EDF-4A8B-969B-EDD23633287E} = {E176D0BD-D35C-4FB7-B6B4-B2A59533E691}
		{BECDFDD5-D4C8-40FA-8B67-0B03787670EF} = {0949B03B-645A-40C1-A1DD-55FD58D77ED9}
		{705B94E8-146C-455C-860D-9D507EE7E0C5} = {E176D0BD-D35C-4FB7-B6B4-B2A59533E691}
	EndGlobalSection
	GlobalSection(ExtensibilityGlobals) = postSolution
		SolutionGuid = {7FE0111B-D1A5-40E9-AA5A-344E5B5ED548}
	EndGlobalSection
EndGlobal
